// !$*UTF8*$!
{
	archiveVersion = 1;
	classes = {
	};
	objectVersion = 51;
	objects = {

/* Begin PBXBuildFile section */
		4FDD260025E4E04C00F6F991 /* AppDelegate.swift in Sources */ = {isa = PBXBuildFile; fileRef = 4FDD25FF25E4E04C00F6F991 /* AppDelegate.swift */; };
		4FDD260225E4E04C00F6F991 /* SceneDelegate.swift in Sources */ = {isa = PBXBuildFile; fileRef = 4FDD260125E4E04C00F6F991 /* SceneDelegate.swift */; };
		4FDD260425E4E04C00F6F991 /* LoginViewController.swift in Sources */ = {isa = PBXBuildFile; fileRef = 4FDD260325E4E04C00F6F991 /* LoginViewController.swift */; };
		4FDD260725E4E04C00F6F991 /* Main.storyboard in Resources */ = {isa = PBXBuildFile; fileRef = 4FDD260525E4E04C00F6F991 /* Main.storyboard */; };
		4FDD260925E4E05200F6F991 /* Assets.xcassets in Resources */ = {isa = PBXBuildFile; fileRef = 4FDD260825E4E05200F6F991 /* Assets.xcassets */; };
		4FDD260C25E4E05200F6F991 /* LaunchScreen.storyboard in Resources */ = {isa = PBXBuildFile; fileRef = 4FDD260A25E4E05200F6F991 /* LaunchScreen.storyboard */; };
		4FDD261825E4E54E00F6F991 /* CustomerListTableViewController.swift in Sources */ = {isa = PBXBuildFile; fileRef = 4FDD261725E4E54E00F6F991 /* CustomerListTableViewController.swift */; };
		4FDD262625E4F54900F6F991 /* LoginViewModel.swift in Sources */ = {isa = PBXBuildFile; fileRef = 4FDD262525E4F54900F6F991 /* LoginViewModel.swift */; };
		4FDD262925E4F74C00F6F991 /* LoginViewModelDelegate.swift in Sources */ = {isa = PBXBuildFile; fileRef = 4FDD262825E4F74C00F6F991 /* LoginViewModelDelegate.swift */; };
		4FDD263125E4FB3900F6F991 /* CustomerListModel.swift in Sources */ = {isa = PBXBuildFile; fileRef = 4FDD263025E4FB3900F6F991 /* CustomerListModel.swift */; };
		4FDD263525E5001B00F6F991 /* CustomerListTableViewCell.swift in Sources */ = {isa = PBXBuildFile; fileRef = 4FDD263425E5001B00F6F991 /* CustomerListTableViewCell.swift */; };
		4FDD263A25E505A700F6F991 /* CustomerDetailViewController.swift in Sources */ = {isa = PBXBuildFile; fileRef = 4FDD263925E505A700F6F991 /* CustomerDetailViewController.swift */; };
		4FDD263E25E5067F00F6F991 /* CustomerDetailViewModel.swift in Sources */ = {isa = PBXBuildFile; fileRef = 4FDD263D25E5067F00F6F991 /* CustomerDetailViewModel.swift */; };
		4FDD264525E5069B00F6F991 /* CustomerDetailViewModelDelegate.swift in Sources */ = {isa = PBXBuildFile; fileRef = 4FDD264425E5069B00F6F991 /* CustomerDetailViewModelDelegate.swift */; };
		4FDD264825E5075C00F6F991 /* CustomerDetailModel.swift in Sources */ = {isa = PBXBuildFile; fileRef = 4FDD264725E5075C00F6F991 /* CustomerDetailModel.swift */; };
		A65067D30C512C9BE9324C71 /* Pods_customer.framework in Frameworks */ = {isa = PBXBuildFile; fileRef = 62B2F2B421549EBB5E367F87 /* Pods_customer.framework */; };
/* End PBXBuildFile section */

/* Begin PBXFileReference section */
		01C68D37009AC4C6E71CFEC0 /* Pods-customer.debug.xcconfig */ = {isa = PBXFileReference; includeInIndex = 1; lastKnownFileType = text.xcconfig; name = "Pods-customer.debug.xcconfig"; path = "Target Support Files/Pods-customer/Pods-customer.debug.xcconfig"; sourceTree = "<group>"; };
		4FDD25FC25E4E04C00F6F991 /* customer.app */ = {isa = PBXFileReference; explicitFileType = wrapper.application; includeInIndex = 0; path = customer.app; sourceTree = BUILT_PRODUCTS_DIR; };
		4FDD25FF25E4E04C00F6F991 /* AppDelegate.swift */ = {isa = PBXFileReference; lastKnownFileType = sourcecode.swift; path = AppDelegate.swift; sourceTree = "<group>"; };
		4FDD260125E4E04C00F6F991 /* SceneDelegate.swift */ = {isa = PBXFileReference; lastKnownFileType = sourcecode.swift; path = SceneDelegate.swift; sourceTree = "<group>"; };
		4FDD260325E4E04C00F6F991 /* LoginViewController.swift */ = {isa = PBXFileReference; lastKnownFileType = sourcecode.swift; path = LoginViewController.swift; sourceTree = "<group>"; };
		4FDD260625E4E04C00F6F991 /* Base */ = {isa = PBXFileReference; lastKnownFileType = file.storyboard; name = Base; path = Base.lproj/Main.storyboard; sourceTree = "<group>"; };
		4FDD260825E4E05200F6F991 /* Assets.xcassets */ = {isa = PBXFileReference; lastKnownFileType = folder.assetcatalog; path = Assets.xcassets; sourceTree = "<group>"; };
		4FDD260B25E4E05200F6F991 /* Base */ = {isa = PBXFileReference; lastKnownFileType = file.storyboard; name = Base; path = Base.lproj/LaunchScreen.storyboard; sourceTree = "<group>"; };
		4FDD260D25E4E05200F6F991 /* Info.plist */ = {isa = PBXFileReference; lastKnownFileType = text.plist.xml; path = Info.plist; sourceTree = "<group>"; };
		4FDD261725E4E54E00F6F991 /* CustomerListTableViewController.swift */ = {isa = PBXFileReference; lastKnownFileType = sourcecode.swift; path = CustomerListTableViewController.swift; sourceTree = "<group>"; };
		4FDD262525E4F54900F6F991 /* LoginViewModel.swift */ = {isa = PBXFileReference; lastKnownFileType = sourcecode.swift; path = LoginViewModel.swift; sourceTree = "<group>"; };
		4FDD262825E4F74C00F6F991 /* LoginViewModelDelegate.swift */ = {isa = PBXFileReference; lastKnownFileType = sourcecode.swift; path = LoginViewModelDelegate.swift; sourceTree = "<group>"; };
		4FDD263025E4FB3900F6F991 /* CustomerListModel.swift */ = {isa = PBXFileReference; lastKnownFileType = sourcecode.swift; path = CustomerListModel.swift; sourceTree = "<group>"; };
		4FDD263425E5001B00F6F991 /* CustomerListTableViewCell.swift */ = {isa = PBXFileReference; lastKnownFileType = sourcecode.swift; path = CustomerListTableViewCell.swift; sourceTree = "<group>"; };
		4FDD263925E505A700F6F991 /* CustomerDetailViewController.swift */ = {isa = PBXFileReference; lastKnownFileType = sourcecode.swift; path = CustomerDetailViewController.swift; sourceTree = "<group>"; };
		4FDD263D25E5067F00F6F991 /* CustomerDetailViewModel.swift */ = {isa = PBXFileReference; lastKnownFileType = sourcecode.swift; path = CustomerDetailViewModel.swift; sourceTree = "<group>"; };
		4FDD264425E5069B00F6F991 /* CustomerDetailViewModelDelegate.swift */ = {isa = PBXFileReference; lastKnownFileType = sourcecode.swift; path = CustomerDetailViewModelDelegate.swift; sourceTree = "<group>"; };
		4FDD264725E5075C00F6F991 /* CustomerDetailModel.swift */ = {isa = PBXFileReference; lastKnownFileType = sourcecode.swift; path = CustomerDetailModel.swift; sourceTree = "<group>"; };
		62B2F2B421549EBB5E367F87 /* Pods_customer.framework */ = {isa = PBXFileReference; explicitFileType = wrapper.framework; includeInIndex = 0; path = Pods_customer.framework; sourceTree = BUILT_PRODUCTS_DIR; };
		F2E8F121CBF01F3E111E7D78 /* Pods-customer.release.xcconfig */ = {isa = PBXFileReference; includeInIndex = 1; lastKnownFileType = text.xcconfig; name = "Pods-customer.release.xcconfig"; path = "Target Support Files/Pods-customer/Pods-customer.release.xcconfig"; sourceTree = "<group>"; };
/* End PBXFileReference section */

/* Begin PBXFrameworksBuildPhase section */
		4FDD25F925E4E04C00F6F991 /* Frameworks */ = {
			isa = PBXFrameworksBuildPhase;
			buildActionMask = 2147483647;
			files = (
				A65067D30C512C9BE9324C71 /* Pods_customer.framework in Frameworks */,
			);
			runOnlyForDeploymentPostprocessing = 0;
		};
/* End PBXFrameworksBuildPhase section */

/* Begin PBXGroup section */
		4FDD25F325E4E04C00F6F991 = {
			isa = PBXGroup;
			children = (
				4FDD25FE25E4E04C00F6F991 /* customer */,
				4FDD25FD25E4E04C00F6F991 /* Products */,
				7C8C32C7F442ABB5F1949626 /* Pods */,
				667C821D2FCCD6625F3F8FCF /* Frameworks */,
			);
			sourceTree = "<group>";
		};
		4FDD25FD25E4E04C00F6F991 /* Products */ = {
			isa = PBXGroup;
			children = (
				4FDD25FC25E4E04C00F6F991 /* customer.app */,
			);
			name = Products;
			sourceTree = "<group>";
		};
		4FDD25FE25E4E04C00F6F991 /* customer */ = {
			isa = PBXGroup;
			children = (
				4FDD263325E4FFE800F6F991 /* CustomView */,
				4FDD262B25E4FB0C00F6F991 /* Model */,
				4FDD261425E4E05E00F6F991 /* ViewController */,
				4FDD261E25E4F4D100F6F991 /* ViewModel */,
				4FDD260125E4E04C00F6F991 /* SceneDelegate.swift */,
				4FDD25FF25E4E04C00F6F991 /* AppDelegate.swift */,
				4FDD260525E4E04C00F6F991 /* Main.storyboard */,
				4FDD260825E4E05200F6F991 /* Assets.xcassets */,
				4FDD260A25E4E05200F6F991 /* LaunchScreen.storyboard */,
				4FDD260D25E4E05200F6F991 /* Info.plist */,
			);
			path = customer;
			sourceTree = "<group>";
		};
		4FDD261425E4E05E00F6F991 /* ViewController */ = {
			isa = PBXGroup;
			children = (
				4FDD260325E4E04C00F6F991 /* LoginViewController.swift */,
				4FDD261725E4E54E00F6F991 /* CustomerListTableViewController.swift */,
				4FDD263925E505A700F6F991 /* CustomerDetailViewController.swift */,
			);
			path = ViewController;
			sourceTree = "<group>";
		};
		4FDD261E25E4F4D100F6F991 /* ViewModel */ = {
			isa = PBXGroup;
			children = (
				4FDD263C25E5066600F6F991 /* CustomerDetail */,
				4FDD262325E4F51B00F6F991 /* Login */,
			);
			path = ViewModel;
			sourceTree = "<group>";
		};
		4FDD262325E4F51B00F6F991 /* Login */ = {
			isa = PBXGroup;
			children = (
				4FDD262525E4F54900F6F991 /* LoginViewModel.swift */,
				4FDD262825E4F74C00F6F991 /* LoginViewModelDelegate.swift */,
			);
			path = Login;
			sourceTree = "<group>";
		};
		4FDD262B25E4FB0C00F6F991 /* Model */ = {
			isa = PBXGroup;
			children = (
				4FDD263025E4FB3900F6F991 /* CustomerListModel.swift */,
				4FDD264725E5075C00F6F991 /* CustomerDetailModel.swift */,
			);
			path = Model;
			sourceTree = "<group>";
		};
		4FDD263325E4FFE800F6F991 /* CustomView */ = {
			isa = PBXGroup;
			children = (
				4FDD263425E5001B00F6F991 /* CustomerListTableViewCell.swift */,
			);
			path = CustomView;
			sourceTree = "<group>";
		};
		4FDD263C25E5066600F6F991 /* CustomerDetail */ = {
			isa = PBXGroup;
			children = (
				4FDD263D25E5067F00F6F991 /* CustomerDetailViewModel.swift */,
				4FDD264425E5069B00F6F991 /* CustomerDetailViewModelDelegate.swift */,
			);
			path = CustomerDetail;
			sourceTree = "<group>";
		};
		667C821D2FCCD6625F3F8FCF /* Frameworks */ = {
			isa = PBXGroup;
			children = (
				62B2F2B421549EBB5E367F87 /* Pods_customer.framework */,
			);
			name = Frameworks;
			sourceTree = "<group>";
		};
		7C8C32C7F442ABB5F1949626 /* Pods */ = {
			isa = PBXGroup;
			children = (
				01C68D37009AC4C6E71CFEC0 /* Pods-customer.debug.xcconfig */,
				F2E8F121CBF01F3E111E7D78 /* Pods-customer.release.xcconfig */,
			);
			path = Pods;
			sourceTree = "<group>";
		};
/* End PBXGroup section */

/* Begin PBXNativeTarget section */
		4FDD25FB25E4E04C00F6F991 /* customer */ = {
			isa = PBXNativeTarget;
			buildConfigurationList = 4FDD261025E4E05200F6F991 /* Build configuration list for PBXNativeTarget "customer" */;
			buildPhases = (
				E442CE209BFAE15F8ED4FB8D /* [CP] Check Pods Manifest.lock */,
				4FDD25F825E4E04C00F6F991 /* Sources */,
				4FDD25F925E4E04C00F6F991 /* Frameworks */,
				4FDD25FA25E4E04C00F6F991 /* Resources */,
				D7B325302156A6B39F735A9F /* [CP] Embed Pods Frameworks */,
			);
			buildRules = (
			);
			dependencies = (
			);
			name = customer;
			productName = customer;
			productReference = 4FDD25FC25E4E04C00F6F991 /* customer.app */;
			productType = "com.apple.product-type.application";
		};
/* End PBXNativeTarget section */

/* Begin PBXProject section */
		4FDD25F425E4E04C00F6F991 /* Project object */ = {
			isa = PBXProject;
			attributes = {
				LastSwiftUpdateCheck = 1240;
				LastUpgradeCheck = 1240;
				TargetAttributes = {
					4FDD25FB25E4E04C00F6F991 = {
						CreatedOnToolsVersion = 12.4;
					};
				};
			};
			buildConfigurationList = 4FDD25F725E4E04C00F6F991 /* Build configuration list for PBXProject "customer" */;
			compatibilityVersion = "Xcode 9.3";
			developmentRegion = en;
			hasScannedForEncodings = 0;
			knownRegions = (
				en,
				Base,
			);
			mainGroup = 4FDD25F325E4E04C00F6F991;
			productRefGroup = 4FDD25FD25E4E04C00F6F991 /* Products */;
			projectDirPath = "";
			projectRoot = "";
			targets = (
				4FDD25FB25E4E04C00F6F991 /* customer */,
			);
		};
/* End PBXProject section */

/* Begin PBXResourcesBuildPhase section */
		4FDD25FA25E4E04C00F6F991 /* Resources */ = {
			isa = PBXResourcesBuildPhase;
			buildActionMask = 2147483647;
			files = (
				4FDD260C25E4E05200F6F991 /* LaunchScreen.storyboard in Resources */,
				4FDD260925E4E05200F6F991 /* Assets.xcassets in Resources */,
				4FDD260725E4E04C00F6F991 /* Main.storyboard in Resources */,
			);
			runOnlyForDeploymentPostprocessing = 0;
		};
/* End PBXResourcesBuildPhase section */

/* Begin PBXShellScriptBuildPhase section */
		D7B325302156A6B39F735A9F /* [CP] Embed Pods Frameworks */ = {
			isa = PBXShellScriptBuildPhase;
			buildActionMask = 2147483647;
			files = (
			);
			inputFileListPaths = (
				"${PODS_ROOT}/Target Support Files/Pods-customer/Pods-customer-frameworks-${CONFIGURATION}-input-files.xcfilelist",
			);
			name = "[CP] Embed Pods Frameworks";
			outputFileListPaths = (
				"${PODS_ROOT}/Target Support Files/Pods-customer/Pods-customer-frameworks-${CONFIGURATION}-output-files.xcfilelist",
			);
			runOnlyForDeploymentPostprocessing = 0;
			shellPath = /bin/sh;
			shellScript = "\"${PODS_ROOT}/Target Support Files/Pods-customer/Pods-customer-frameworks.sh\"\n";
			showEnvVarsInLog = 0;
		};
		E442CE209BFAE15F8ED4FB8D /* [CP] Check Pods Manifest.lock */ = {
			isa = PBXShellScriptBuildPhase;
			buildActionMask = 2147483647;
			files = (
			);
			inputFileListPaths = (
			);
			inputPaths = (
				"${PODS_PODFILE_DIR_PATH}/Podfile.lock",
				"${PODS_ROOT}/Manifest.lock",
			);
			name = "[CP] Check Pods Manifest.lock";
			outputFileListPaths = (
			);
			outputPaths = (
				"$(DERIVED_FILE_DIR)/Pods-customer-checkManifestLockResult.txt",
			);
			runOnlyForDeploymentPostprocessing = 0;
			shellPath = /bin/sh;
			shellScript = "diff \"${PODS_PODFILE_DIR_PATH}/Podfile.lock\" \"${PODS_ROOT}/Manifest.lock\" > /dev/null\nif [ $? != 0 ] ; then\n    # print error to STDERR\n    echo \"error: The sandbox is not in sync with the Podfile.lock. Run 'pod install' or update your CocoaPods installation.\" >&2\n    exit 1\nfi\n# This output is used by Xcode 'outputs' to avoid re-running this script phase.\necho \"SUCCESS\" > \"${SCRIPT_OUTPUT_FILE_0}\"\n";
			showEnvVarsInLog = 0;
		};
/* End PBXShellScriptBuildPhase section */

/* Begin PBXSourcesBuildPhase section */
		4FDD25F825E4E04C00F6F991 /* Sources */ = {
			isa = PBXSourcesBuildPhase;
			buildActionMask = 2147483647;
			files = (
				4FDD261825E4E54E00F6F991 /* CustomerListTableViewController.swift in Sources */,
				4FDD260425E4E04C00F6F991 /* LoginViewController.swift in Sources */,
				4FDD260025E4E04C00F6F991 /* AppDelegate.swift in Sources */,
				4FDD263525E5001B00F6F991 /* CustomerListTableViewCell.swift in Sources */,
				4FDD262625E4F54900F6F991 /* LoginViewModel.swift in Sources */,
				4FDD264525E5069B00F6F991 /* CustomerDetailViewModelDelegate.swift in Sources */,
				4FDD264825E5075C00F6F991 /* CustomerDetailModel.swift in Sources */,
				4FDD263A25E505A700F6F991 /* CustomerDetailViewController.swift in Sources */,
				4FDD263125E4FB3900F6F991 /* CustomerListModel.swift in Sources */,
				4FDD260225E4E04C00F6F991 /* SceneDelegate.swift in Sources */,
				4FDD262925E4F74C00F6F991 /* LoginViewModelDelegate.swift in Sources */,
				4FDD263E25E5067F00F6F991 /* CustomerDetailViewModel.swift in Sources */,
			);
			runOnlyForDeploymentPostprocessing = 0;
		};
/* End PBXSourcesBuildPhase section */

/* Begin PBXVariantGroup section */
		4FDD260525E4E04C00F6F991 /* Main.storyboard */ = {
			isa = PBXVariantGroup;
			children = (
				4FDD260625E4E04C00F6F991 /* Base */,
			);
			name = Main.storyboard;
			sourceTree = "<group>";
		};
		4FDD260A25E4E05200F6F991 /* LaunchScreen.storyboard */ = {
			isa = PBXVariantGroup;
			children = (
				4FDD260B25E4E05200F6F991 /* Base */,
			);
			name = LaunchScreen.storyboard;
			sourceTree = "<group>";
		};
/* End PBXVariantGroup section */

/* Begin XCBuildConfiguration section */
		4FDD260E25E4E05200F6F991 /* Debug */ = {
			isa = XCBuildConfiguration;
			buildSettings = {
				ALWAYS_SEARCH_USER_PATHS = NO;
				CLANG_ANALYZER_NONNULL = YES;
				CLANG_ANALYZER_NUMBER_OBJECT_CONVERSION = YES_AGGRESSIVE;
				CLANG_CXX_LANGUAGE_STANDARD = "gnu++14";
				CLANG_CXX_LIBRARY = "libc++";
				CLANG_ENABLE_MODULES = YES;
				CLANG_ENABLE_OBJC_ARC = YES;
				CLANG_ENABLE_OBJC_WEAK = YES;
				CLANG_WARN_BLOCK_CAPTURE_AUTORELEASING = YES;
				CLANG_WARN_BOOL_CONVERSION = YES;
				CLANG_WARN_COMMA = YES;
				CLANG_WARN_CONSTANT_CONVERSION = YES;
				CLANG_WARN_DEPRECATED_OBJC_IMPLEMENTATIONS = YES;
				CLANG_WARN_DIRECT_OBJC_ISA_USAGE = YES_ERROR;
				CLANG_WARN_DOCUMENTATION_COMMENTS = YES;
				CLANG_WARN_EMPTY_BODY = YES;
				CLANG_WARN_ENUM_CONVERSION = YES;
				CLANG_WARN_INFINITE_RECURSION = YES;
				CLANG_WARN_INT_CONVERSION = YES;
				CLANG_WARN_NON_LITERAL_NULL_CONVERSION = YES;
				CLANG_WARN_OBJC_IMPLICIT_RETAIN_SELF = YES;
				CLANG_WARN_OBJC_LITERAL_CONVERSION = YES;
				CLANG_WARN_OBJC_ROOT_CLASS = YES_ERROR;
				CLANG_WARN_QUOTED_INCLUDE_IN_FRAMEWORK_HEADER = YES;
				CLANG_WARN_RANGE_LOOP_ANALYSIS = YES;
				CLANG_WARN_STRICT_PROTOTYPES = YES;
				CLANG_WARN_SUSPICIOUS_MOVE = YES;
				CLANG_WARN_UNGUARDED_AVAILABILITY = YES_AGGRESSIVE;
				CLANG_WARN_UNREACHABLE_CODE = YES;
				CLANG_WARN__DUPLICATE_METHOD_MATCH = YES;
				COPY_PHASE_STRIP = NO;
				DEBUG_INFORMATION_FORMAT = dwarf;
				ENABLE_STRICT_OBJC_MSGSEND = YES;
				ENABLE_TESTABILITY = YES;
				GCC_C_LANGUAGE_STANDARD = gnu11;
				GCC_DYNAMIC_NO_PIC = NO;
				GCC_NO_COMMON_BLOCKS = YES;
				GCC_OPTIMIZATION_LEVEL = 0;
				GCC_PREPROCESSOR_DEFINITIONS = (
					"DEBUG=1",
					"$(inherited)",
				);
				GCC_WARN_64_TO_32_BIT_CONVERSION = YES;
				GCC_WARN_ABOUT_RETURN_TYPE = YES_ERROR;
				GCC_WARN_UNDECLARED_SELECTOR = YES;
				GCC_WARN_UNINITIALIZED_AUTOS = YES_AGGRESSIVE;
				GCC_WARN_UNUSED_FUNCTION = YES;
				GCC_WARN_UNUSED_VARIABLE = YES;
				IPHONEOS_DEPLOYMENT_TARGET = 14.4;
				MTL_ENABLE_DEBUG_INFO = INCLUDE_SOURCE;
				MTL_FAST_MATH = YES;
				ONLY_ACTIVE_ARCH = YES;
				SDKROOT = iphoneos;
				SWIFT_ACTIVE_COMPILATION_CONDITIONS = DEBUG;
				SWIFT_OPTIMIZATION_LEVEL = "-Onone";
			};
			name = Debug;
		};
		4FDD260F25E4E05200F6F991 /* Release */ = {
			isa = XCBuildConfiguration;
			buildSettings = {
				ALWAYS_SEARCH_USER_PATHS = NO;
				CLANG_ANALYZER_NONNULL = YES;
				CLANG_ANALYZER_NUMBER_OBJECT_CONVERSION = YES_AGGRESSIVE;
				CLANG_CXX_LANGUAGE_STANDARD = "gnu++14";
				CLANG_CXX_LIBRARY = "libc++";
				CLANG_ENABLE_MODULES = YES;
				CLANG_ENABLE_OBJC_ARC = YES;
				CLANG_ENABLE_OBJC_WEAK = YES;
				CLANG_WARN_BLOCK_CAPTURE_AUTORELEASING = YES;
				CLANG_WARN_BOOL_CONVERSION = YES;
				CLANG_WARN_COMMA = YES;
				CLANG_WARN_CONSTANT_CONVERSION = YES;
				CLANG_WARN_DEPRECATED_OBJC_IMPLEMENTATIONS = YES;
				CLANG_WARN_DIRECT_OBJC_ISA_USAGE = YES_ERROR;
				CLANG_WARN_DOCUMENTATION_COMMENTS = YES;
				CLANG_WARN_EMPTY_BODY = YES;
				CLANG_WARN_ENUM_CONVERSION = YES;
				CLANG_WARN_INFINITE_RECURSION = YES;
				CLANG_WARN_INT_CONVERSION = YES;
				CLANG_WARN_NON_LITERAL_NULL_CONVERSION = YES;
				CLANG_WARN_OBJC_IMPLICIT_RETAIN_SELF = YES;
				CLANG_WARN_OBJC_LITERAL_CONVERSION = YES;
				CLANG_WARN_OBJC_ROOT_CLASS = YES_ERROR;
				CLANG_WARN_QUOTED_INCLUDE_IN_FRAMEWORK_HEADER = YES;
				CLANG_WARN_RANGE_LOOP_ANALYSIS = YES;
				CLANG_WARN_STRICT_PROTOTYPES = YES;
				CLANG_WARN_SUSPICIOUS_MOVE = YES;
				CLANG_WARN_UNGUARDED_AVAILABILITY = YES_AGGRESSIVE;
				CLANG_WARN_UNREACHABLE_CODE = YES;
				CLANG_WARN__DUPLICATE_METHOD_MATCH = YES;
				COPY_PHASE_STRIP = NO;
				DEBUG_INFORMATION_FORMAT = "dwarf-with-dsym";
				ENABLE_NS_ASSERTIONS = NO;
				ENABLE_STRICT_OBJC_MSGSEND = YES;
				GCC_C_LANGUAGE_STANDARD = gnu11;
				GCC_NO_COMMON_BLOCKS = YES;
				GCC_WARN_64_TO_32_BIT_CONVERSION = YES;
				GCC_WARN_ABOUT_RETURN_TYPE = YES_ERROR;
				GCC_WARN_UNDECLARED_SELECTOR = YES;
				GCC_WARN_UNINITIALIZED_AUTOS = YES_AGGRESSIVE;
				GCC_WARN_UNUSED_FUNCTION = YES;
				GCC_WARN_UNUSED_VARIABLE = YES;
				IPHONEOS_DEPLOYMENT_TARGET = 14.4;
				MTL_ENABLE_DEBUG_INFO = NO;
				MTL_FAST_MATH = YES;
				SDKROOT = iphoneos;
				SWIFT_COMPILATION_MODE = wholemodule;
				SWIFT_OPTIMIZATION_LEVEL = "-O";
				VALIDATE_PRODUCT = YES;
			};
			name = Release;
		};
		4FDD261125E4E05200F6F991 /* Debug */ = {
			isa = XCBuildConfiguration;
			baseConfigurationReference = 01C68D37009AC4C6E71CFEC0 /* Pods-customer.debug.xcconfig */;
			buildSettings = {
				ASSETCATALOG_COMPILER_APPICON_NAME = AppIcon;
				ASSETCATALOG_COMPILER_GLOBAL_ACCENT_COLOR_NAME = AccentColor;
				CODE_SIGN_STYLE = Automatic;
				INFOPLIST_FILE = customer/Info.plist;
				LD_RUNPATH_SEARCH_PATHS = (
					"$(inherited)",
					"@executable_path/Frameworks",
				);
				PRODUCT_BUNDLE_IDENTIFIER = com.company.customer;
				PRODUCT_NAME = "$(TARGET_NAME)";
				SWIFT_VERSION = 5.0;
				TARGETED_DEVICE_FAMILY = "1,2";
			};
			name = Debug;
		};
		4FDD261225E4E05200F6F991 /* Release */ = {
			isa = XCBuildConfiguration;
			baseConfigurationReference = F2E8F121CBF01F3E111E7D78 /* Pods-customer.release.xcconfig */;
			buildSettings = {
				ASSETCATALOG_COMPILER_APPICON_NAME = AppIcon;
				ASSETCATALOG_COMPILER_GLOBAL_ACCENT_COLOR_NAME = AccentColor;
				CODE_SIGN_STYLE = Automatic;
				INFOPLIST_FILE = customer/Info.plist;
				LD_RUNPATH_SEARCH_PATHS = (
					"$(inherited)",
					"@executable_path/Frameworks",
				);
				PRODUCT_BUNDLE_IDENTIFIER = com.company.customer;
				PRODUCT_NAME = "$(TARGET_NAME)";
				SWIFT_VERSION = 5.0;
				TARGETED_DEVICE_FAMILY = "1,2";
			};
			name = Release;
		};
/* End XCBuildConfiguration section */

/* Begin XCConfigurationList section */
		4FDD25F725E4E04C00F6F991 /* Build configuration list for PBXProject "customer" */ = {
			isa = XCConfigurationList;
			buildConfigurations = (
				4FDD260E25E4E05200F6F991 /* Debug */,
				4FDD260F25E4E05200F6F991 /* Release */,
			);
			defaultConfigurationIsVisible = 0;
			defaultConfigurationName = Release;
		};
		4FDD261025E4E05200F6F991 /* Build configuration list for PBXNativeTarget "customer" */ = {
			isa = XCConfigurationList;
			buildConfigurations = (
				4FDD261125E4E05200F6F991 /* Debug */,
				4FDD261225E4E05200F6F991 /* Release */,
			);
			defaultConfigurationIsVisible = 0;
			defaultConfigurationName = Release;
		};
/* End XCConfigurationList section */
	};
	rootObject = 4FDD25F425E4E04C00F6F991 /* Project object */;
}
